
Microsoft Visual Studio Solution File, Format Version 12.00
# Visual Studio Version 16
VisualStudioVersion = 16.0.30503.244
MinimumVisualStudioVersion = 10.0.40219.1
Project("{9A19103F-16F7-4668-BE54-9A1E7A4F7556}") = "DeskBooker.Core.Tests", "DeskBooker.Core.Tests\DeskBooker.Core.Tests.csproj", "{850BB795-101A-4774-9654-5CF38D7E8222}"
EndProject
Project("{FAE04EC0-301F-11D3-BF4B-00C04F79EFBC}") = "DeskBook.Core", "DeskBook.Core\DeskBook.Core.csproj", "{EC8EFC25-7A98-408E-BF02-D999266686EA}"
EndProject
Global
	GlobalSection(SolutionConfigurationPlatforms) = preSolution
		Debug|Any CPU = Debug|Any CPU
		Release|Any CPU = Release|Any CPU
	EndGlobalSection
	GlobalSection(ProjectConfigurationPlatforms) = postSolution
		{850BB795-101A-4774-9654-5CF38D7E8222}.Debug|Any CPU.ActiveCfg = Debug|Any CPU
		{850BB795-101A-4774-9654-5CF38D7E8222}.Debug|Any CPU.Build.0 = Debug|Any CPU
		{850BB795-101A-4774-9654-5CF38D7E8222}.Release|Any CPU.ActiveCfg = Release|Any CPU
		{850BB795-101A-4774-9654-5CF38D7E8222}.Release|Any CPU.Build.0 = Release|Any CPU
		{EC8EFC25-7A98-408E-BF02-D999266686EA}.Debug|Any CPU.ActiveCfg = Debug|Any CPU
		{EC8EFC25-7A98-408E-BF02-D999266686EA}.Debug|Any CPU.Build.0 = Debug|Any CPU
		{EC8EFC25-7A98-408E-BF02-D999266686EA}.Release|Any CPU.ActiveCfg = Release|Any CPU
		{EC8EFC25-7A98-408E-BF02-D999266686EA}.Release|Any CPU.Build.0 = Release|Any CPU
	EndGlobalSection
	GlobalSection(SolutionProperties) = preSolution
		HideSolutionNode = FALSE
	EndGlobalSection
	GlobalSection(ExtensibilityGlobals) = postSolution
		SolutionGuid = {1CE44FE2-A72F-4984-81C6-87F8AECA4399}
	EndGlobalSection
EndGlobal
